
Microsoft Visual Studio Solution File, Format Version 12.00
# Visual Studio Version 16
VisualStudioVersion = 16.0.31624.102
MinimumVisualStudioVersion = 10.0.40219.1
Project("{FAE04EC0-301F-11D3-BF4B-00C04F79EFBC}") = "bootcamp", "bootcamp\bootcamp.csproj", "{38147096-F35B-4292-AC59-C3D3FC19F713}"
EndProject
Global
	GlobalSection(SolutionConfigurationPlatforms) = preSolution
		Debug|Any CPU = Debug|Any CPU
		Release|Any CPU = Release|Any CPU
	EndGlobalSection
	GlobalSection(ProjectConfigurationPlatforms) = postSolution
		{38147096-F35B-4292-AC59-C3D3FC19F713}.Debug|Any CPU.ActiveCfg = Debug|Any CPU
		{38147096-F35B-4292-AC59-C3D3FC19F713}.Debug|Any CPU.Build.0 = Debug|Any CPU
		{38147096-F35B-4292-AC59-C3D3FC19F713}.Release|Any CPU.ActiveCfg = Release|Any CPU
		{38147096-F35B-4292-AC59-C3D3FC19F713}.Release|Any CPU.Build.0 = Release|Any CPU
	EndGlobalSection
	GlobalSection(SolutionProperties) = preSolution
		HideSolutionNode = FALSE
	EndGlobalSection
	GlobalSection(ExtensibilityGlobals) = postSolution
		SolutionGuid = {89A9A593-984F-4C8A-80F0-26F14E70F4E0}
	EndGlobalSection
EndGlobal
